// !$*UTF8*$!
{
	archiveVersion = 1;
	classes = {
	};
	objectVersion = 48;
	objects = {

/* Begin PBXBuildFile section */
		2F169563204BD990009CF427 /* AppDelegate.m in Sources */ = {isa = PBXBuildFile; fileRef = 2F169562204BD990009CF427 /* AppDelegate.m */; };
		2F169566204BD990009CF427 /* ViewController.m in Sources */ = {isa = PBXBuildFile; fileRef = 2F169565204BD990009CF427 /* ViewController.m */; };
		2F169569204BD990009CF427 /* Main.storyboard in Resources */ = {isa = PBXBuildFile; fileRef = 2F169567204BD990009CF427 /* Main.storyboard */; };
		2F16956B204BD990009CF427 /* Assets.xcassets in Resources */ = {isa = PBXBuildFile; fileRef = 2F16956A204BD990009CF427 /* Assets.xcassets */; };
		2F16956E204BD990009CF427 /* LaunchScreen.storyboard in Resources */ = {isa = PBXBuildFile; fileRef = 2F16956C204BD990009CF427 /* LaunchScreen.storyboard */; };
		2F169571204BD990009CF427 /* main.m in Sources */ = {isa = PBXBuildFile; fileRef = 2F169570204BD990009CF427 /* main.m */; };
		2F169578204BD9D3009CF427 /* me.png in Resources */ = {isa = PBXBuildFile; fileRef = 2F169577204BD9D3009CF427 /* me.png */; };
/* End PBXBuildFile section */

/* Begin PBXFileReference section */
		2F16955E204BD990009CF427 /* TestSystemShare.app */ = {isa = PBXFileReference; explicitFileType = wrapper.application; includeInIndex = 0; path = TestSystemShare.app; sourceTree = BUILT_PRODUCTS_DIR; };
		2F169561204BD990009CF427 /* AppDelegate.h */ = {isa = PBXFileReference; lastKnownFileType = sourcecode.c.h; path = AppDelegate.h; sourceTree = "<group>"; };
		2F169562204BD990009CF427 /* AppDelegate.m */ = {isa = PBXFileReference; lastKnownFileType = sourcecode.c.objc; path = AppDelegate.m; sourceTree = "<group>"; };
		2F169564204BD990009CF427 /* ViewController.h */ = {isa = PBXFileReference; lastKnownFileType = sourcecode.c.h; path = ViewController.h; sourceTree = "<group>"; };
		2F169565204BD990009CF427 /* ViewController.m */ = {isa = PBXFileReference; lastKnownFileType = sourcecode.c.objc; path = ViewController.m; sourceTree = "<group>"; };
		2F169568204BD990009CF427 /* Base */ = {isa = PBXFileReference; lastKnownFileType = file.storyboard; name = Base; path = Base.lproj/Main.storyboard; sourceTree = "<group>"; };
		2F16956A204BD990009CF427 /* Assets.xcassets */ = {isa = PBXFileReference; lastKnownFileType = folder.assetcatalog; path = Assets.xcassets; sourceTree = "<group>"; };
		2F16956D204BD990009CF427 /* Base */ = {isa = PBXFileReference; lastKnownFileType = file.storyboard; name = Base; path = Base.lproj/LaunchScreen.storyboard; sourceTree = "<group>"; };
		2F16956F204BD990009CF427 /* Info.plist */ = {isa = PBXFileReference; lastKnownFileType = text.plist.xml; path = Info.plist; sourceTree = "<group>"; };
		2F169570204BD990009CF427 /* main.m */ = {isa = PBXFileReference; lastKnownFileType = sourcecode.c.objc; path = main.m; sourceTree = "<group>"; };
		2F169577204BD9D3009CF427 /* me.png */ = {isa = PBXFileReference; lastKnownFileType = image.png; path = me.png; sourceTree = "<group>"; };
/* End PBXFileReference section */

/* Begin PBXFrameworksBuildPhase section */
		2F16955B204BD990009CF427 /* Frameworks */ = {
			isa = PBXFrameworksBuildPhase;
			buildActionMask = 2147483647;
			files = (
			);
			runOnlyForDeploymentPostprocessing = 0;
		};
/* End PBXFrameworksBuildPhase section */

/* Begin PBXGroup section */
		2F169555204BD990009CF427 = {
			isa = PBXGroup;
			children = (
				2F169560204BD990009CF427 /* TestSystemShare */,
				2F16955F204BD990009CF427 /* Products */,
			);
			sourceTree = "<group>";
		};
		2F16955F204BD990009CF427 /* Products */ = {
			isa = PBXGroup;
			children = (
				2F16955E204BD990009CF427 /* TestSystemShare.app */,
			);
			name = Products;
			sourceTree = "<group>";
		};
		2F169560204BD990009CF427 /* TestSystemShare */ = {
			isa = PBXGroup;
			children = (
				2F169561204BD990009CF427 /* AppDelegate.h */,
				2F169562204BD990009CF427 /* AppDelegate.m */,
				2F169564204BD990009CF427 /* ViewController.h */,
				2F169565204BD990009CF427 /* ViewController.m */,
				2F169567204BD990009CF427 /* Main.storyboard */,
				2F169577204BD9D3009CF427 /* me.png */,
				2F16956A204BD990009CF427 /* Assets.xcassets */,
				2F16956C204BD990009CF427 /* LaunchScreen.storyboard */,
				2F16956F204BD990009CF427 /* Info.plist */,
				2F169570204BD990009CF427 /* main.m */,
			);
			path = TestSystemShare;
			sourceTree = "<group>";
		};
/* End PBXGroup section */

/* Begin PBXNativeTarget section */
		2F16955D204BD990009CF427 /* TestSystemShare */ = {
			isa = PBXNativeTarget;
			buildConfigurationList = 2F169574204BD990009CF427 /* Build configuration list for PBXNativeTarget "TestSystemShare" */;
			buildPhases = (
				2F16955A204BD990009CF427 /* Sources */,
				2F16955B204BD990009CF427 /* Frameworks */,
				2F16955C204BD990009CF427 /* Resources */,
			);
			buildRules = (
			);
			dependencies = (
			);
			name = TestSystemShare;
			productName = TestSystemShare;
			productReference = 2F16955E204BD990009CF427 /* TestSystemShare.app */;
			productType = "com.apple.product-type.application";
		};
/* End PBXNativeTarget section */

/* Begin PBXProject section */
		2F169556204BD990009CF427 /* Project object */ = {
			isa = PBXProject;
			attributes = {
				LastUpgradeCheck = 0920;
				ORGANIZATIONNAME = yangrui;
				TargetAttributes = {
					2F16955D204BD990009CF427 = {
						CreatedOnToolsVersion = 9.2;
						ProvisioningStyle = Automatic;
					};
				};
			};
			buildConfigurationList = 2F169559204BD990009CF427 /* Build configuration list for PBXProject "TestSystemShare" */;
			compatibilityVersion = "Xcode 8.0";
			developmentRegion = en;
			hasScannedForEncodings = 0;
			knownRegions = (
				en,
				Base,
			);
			mainGroup = 2F169555204BD990009CF427;
			productRefGroup = 2F16955F204BD990009CF427 /* Products */;
			projectDirPath = "";
			projectRoot = "";
			targets = (
				2F16955D204BD990009CF427 /* TestSystemShare */,
			);
		};
/* End PBXProject section */

/* Begin PBXResourcesBuildPhase section */
		2F16955C204BD990009CF427 /* Resources */ = {
			isa = PBXResourcesBuildPhase;
			buildActionMask = 2147483647;
			files = (
				2F16956E204BD990009CF427 /* LaunchScreen.storyboard in Resources */,
				2F16956B204BD990009CF427 /* Assets.xcassets in Resources */,
				2F169569204BD990009CF427 /* Main.storyboard in Resources */,
				2F169578204BD9D3009CF427 /* me.png in Resources */,
			);
			runOnlyForDeploymentPostprocessing = 0;
		};
/* End PBXResourcesBuildPhase section */

/* Begin PBXSourcesBuildPhase section */
		2F16955A204BD990009CF427 /* Sources */ = {
			isa = PBXSourcesBuildPhase;
			buildActionMask = 2147483647;
			files = (
				2F169566204BD990009CF427 /* ViewController.m in Sources */,
				2F169571204BD990009CF427 /* main.m in Sources */,
				2F169563204BD990009CF427 /* AppDelegate.m in Sources */,
			);
			runOnlyForDeploymentPostprocessing = 0;
		};
/* End PBXSourcesBuildPhase section */

/* Begin PBXVariantGroup section */
		2F169567204BD990009CF427 /* Main.storyboard */ = {
			isa = PBXVariantGroup;
			children = (
				2F169568204BD990009CF427 /* Base */,
			);
			name = Main.storyboard;
			sourceTree = "<group>";
		};
		2F16956C204BD990009CF427 /* LaunchScreen.storyboard */ = {
			isa = PBXVariantGroup;
			children = (
				2F16956D204BD990009CF427 /* Base */,
			);
			name = LaunchScreen.storyboard;
			sourceTree = "<group>";
		};
/* End PBXVariantGroup section */

/* Begin XCBuildConfiguration section */
		2F169572204BD990009CF427 /* Debug */ = {
			isa = XCBuildConfiguration;
			buildSettings = {
				ALWAYS_SEARCH_USER_PATHS = NO;
				CLANG_ANALYZER_NONNULL = YES;
				CLANG_ANALYZER_NUMBER_OBJECT_CONVERSION = YES_AGGRESSIVE;
				CLANG_CXX_LANGUAGE_STANDARD = "gnu++14";
				CLANG_CXX_LIBRARY = "libc++";
				CLANG_ENABLE_MODULES = YES;
				CLANG_ENABLE_OBJC_ARC = YES;
				CLANG_WARN_BLOCK_CAPTURE_AUTORELEASING = YES;
				CLANG_WARN_BOOL_CONVERSION = YES;
				CLANG_WARN_COMMA = YES;
				CLANG_WARN_CONSTANT_CONVERSION = YES;
				CLANG_WARN_DIRECT_OBJC_ISA_USAGE = YES_ERROR;
				CLANG_WARN_DOCUMENTATION_COMMENTS = YES;
				CLANG_WARN_EMPTY_BODY = YES;
				CLANG_WARN_ENUM_CONVERSION = YES;
				CLANG_WARN_INFINITE_RECURSION = YES;
				CLANG_WARN_INT_CONVERSION = YES;
				CLANG_WARN_NON_LITERAL_NULL_CONVERSION = YES;
				CLANG_WARN_OBJC_LITERAL_CONVERSION = YES;
				CLANG_WARN_OBJC_ROOT_CLASS = YES_ERROR;
				CLANG_WARN_RANGE_LOOP_ANALYSIS = YES;
				CLANG_WARN_STRICT_PROTOTYPES = YES;
				CLANG_WARN_SUSPICIOUS_MOVE = YES;
				CLANG_WARN_UNGUARDED_AVAILABILITY = YES_AGGRESSIVE;
				CLANG_WARN_UNREACHABLE_CODE = YES;
				CLANG_WARN__DUPLICATE_METHOD_MATCH = YES;
				CODE_SIGN_IDENTITY = "iPhone Developer";
				COPY_PHASE_STRIP = NO;
				DEBUG_INFORMATION_FORMAT = dwarf;
				ENABLE_STRICT_OBJC_MSGSEND = YES;
				ENABLE_TESTABILITY = YES;
				GCC_C_LANGUAGE_STANDARD = gnu11;
				GCC_DYNAMIC_NO_PIC = NO;
				GCC_NO_COMMON_BLOCKS = YES;
				GCC_OPTIMIZATION_LEVEL = 0;
				GCC_PREPROCESSOR_DEFINITIONS = (
					"DEBUG=1",
					"$(inherited)",
				);
				GCC_WARN_64_TO_32_BIT_CONVERSION = YES;
				GCC_WARN_ABOUT_RETURN_TYPE = YES_ERROR;
				GCC_WARN_UNDECLARED_SELECTOR = YES;
				GCC_WARN_UNINITIALIZED_AUTOS = YES_AGGRESSIVE;
				GCC_WARN_UNUSED_FUNCTION = YES;
				GCC_WARN_UNUSED_VARIABLE = YES;
				IPHONEOS_DEPLOYMENT_TARGET = 11.2;
				MTL_ENABLE_DEBUG_INFO = YES;
				ONLY_ACTIVE_ARCH = YES;
				SDKROOT = iphoneos;
			};
			name = Debug;
		};
		2F169573204BD990009CF427 /* Release */ = {
			isa = XCBuildConfiguration;
			buildSettings = {
				ALWAYS_SEARCH_USER_PATHS = NO;
				CLANG_ANALYZER_NONNULL = YES;
				CLANG_ANALYZER_NUMBER_OBJECT_CONVERSION = YES_AGGRESSIVE;
				CLANG_CXX_LANGUAGE_STANDARD = "gnu++14";
				CLANG_CXX_LIBRARY = "libc++";
				CLANG_ENABLE_MODULES = YES;
				CLANG_ENABLE_OBJC_ARC = YES;
				CLANG_WARN_BLOCK_CAPTURE_AUTORELEASING = YES;
				CLANG_WARN_BOOL_CONVERSION = YES;
				CLANG_WARN_COMMA = YES;
				CLANG_WARN_CONSTANT_CONVERSION = YES;
				CLANG_WARN_DIRECT_OBJC_ISA_USAGE = YES_ERROR;
				CLANG_WARN_DOCUMENTATION_COMMENTS = YES;
				CLANG_WARN_EMPTY_BODY = YES;
				CLANG_WARN_ENUM_CONVERSION = YES;
				CLANG_WARN_INFINITE_RECURSION = YES;
				CLANG_WARN_INT_CONVERSION = YES;
				CLANG_WARN_NON_LITERAL_NULL_CONVERSION = YES;
				CLANG_WARN_OBJC_LITERAL_CONVERSION = YES;
				CLANG_WARN_OBJC_ROOT_CLASS = YES_ERROR;
				CLANG_WARN_RANGE_LOOP_ANALYSIS = YES;
				CLANG_WARN_STRICT_PROTOTYPES = YES;
				CLANG_WARN_SUSPICIOUS_MOVE = YES;
				CLANG_WARN_UNGUARDED_AVAILABILITY = YES_AGGRESSIVE;
				CLANG_WARN_UNREACHABLE_CODE = YES;
				CLANG_WARN__DUPLICATE_METHOD_MATCH = YES;
				CODE_SIGN_IDENTITY = "iPhone Developer";
				COPY_PHASE_STRIP = NO;
				DEBUG_INFORMATION_FORMAT = "dwarf-with-dsym";
				ENABLE_NS_ASSERTIONS = NO;
				ENABLE_STRICT_OBJC_MSGSEND = YES;
				GCC_C_LANGUAGE_STANDARD = gnu11;
				GCC_NO_COMMON_BLOCKS = YES;
				GCC_WARN_64_TO_32_BIT_CONVERSION = YES;
				GCC_WARN_ABOUT_RETURN_TYPE = YES_ERROR;
				GCC_WARN_UNDECLARED_SELECTOR = YES;
				GCC_WARN_UNINITIALIZED_AUTOS = YES_AGGRESSIVE;
				GCC_WARN_UNUSED_FUNCTION = YES;
				GCC_WARN_UNUSED_VARIABLE = YES;
				IPHONEOS_DEPLOYMENT_TARGET = 11.2;
				MTL_ENABLE_DEBUG_INFO = NO;
				SDKROOT = iphoneos;
				VALIDATE_PRODUCT = YES;
			};
			name = Release;
		};
		2F169575204BD990009CF427 /* Debug */ = {
			isa = XCBuildConfiguration;
			buildSettings = {
				ASSETCATALOG_COMPILER_APPICON_NAME = AppIcon;
				CODE_SIGN_STYLE = Automatic;
				INFOPLIST_FILE = TestSystemShare/Info.plist;
				LD_RUNPATH_SEARCH_PATHS = "$(inherited) @executable_path/Frameworks";
				PRODUCT_BUNDLE_IDENTIFIER = yr.TestSystemShare;
				PRODUCT_NAME = "$(TARGET_NAME)";
				TARGETED_DEVICE_FAMILY = "1,2";
			};
			name = Debug;
		};
		2F169576204BD990009CF427 /* Release */ = {
			isa = XCBuildConfiguration;
			buildSettings = {
				ASSETCATALOG_COMPILER_APPICON_NAME = AppIcon;
				CODE_SIGN_STYLE = Automatic;
				INFOPLIST_FILE = TestSystemShare/Info.plist;
				LD_RUNPATH_SEARCH_PATHS = "$(inherited) @executable_path/Frameworks";
				PRODUCT_BUNDLE_IDENTIFIER = yr.TestSystemShare;
				PRODUCT_NAME = "$(TARGET_NAME)";
				TARGETED_DEVICE_FAMILY = "1,2";
			};
			name = Release;
		};
/* End XCBuildConfiguration section */

/* Begin XCConfigurationList section */
		2F169559204BD990009CF427 /* Build configuration list for PBXProject "TestSystemShare" */ = {
			isa = XCConfigurationList;
			buildConfigurations = (
				2F169572204BD990009CF427 /* Debug */,
				2F169573204BD990009CF427 /* Release */,
			);
			defaultConfigurationIsVisible = 0;
			defaultConfigurationName = Release;
		};
		2F169574204BD990009CF427 /* Build configuration list for PBXNativeTarget "TestSystemShare" */ = {
			isa = XCConfigurationList;
			buildConfigurations = (
				2F169575204BD990009CF427 /* Debug */,
				2F169576204BD990009CF427 /* Release */,
			);
			defaultConfigurationIsVisible = 0;
			defaultConfigurationName = Release;
		};
/* End XCConfigurationList section */
	};
	rootObject = 2F169556204BD990009CF427 /* Project object */;
}
